
Microsoft Visual Studio Solution File, Format Version 12.00
# Visual Studio Version 16
VisualStudioVersion = 16.0.33801.447
MinimumVisualStudioVersion = 10.0.40219.1
Project("{FAE04EC0-301F-11D3-BF4B-00C04F79EFBC}") = "4ISIP_520_SURVILLO", "4ISIP_520_SURVILLO\4ISIP_520_SURVILLO.csproj", "{46113778-79EE-4C78-86AA-C5E2B96CD9C0}"
EndProject
Global
	GlobalSection(SolutionConfigurationPlatforms) = preSolution
		Debug|Any CPU = Debug|Any CPU
		Release|Any CPU = Release|Any CPU
	EndGlobalSection
	GlobalSection(ProjectConfigurationPlatforms) = postSolution
		{46113778-79EE-4C78-86AA-C5E2B96CD9C0}.Debug|Any CPU.ActiveCfg = Debug|Any CPU
		{46113778-79EE-4C78-86AA-C5E2B96CD9C0}.Debug|Any CPU.Build.0 = Debug|Any CPU
		{46113778-79EE-4C78-86AA-C5E2B96CD9C0}.Release|Any CPU.ActiveCfg = Release|Any CPU
		{46113778-79EE-4C78-86AA-C5E2B96CD9C0}.Release|Any CPU.Build.0 = Release|Any CPU
	EndGlobalSection
	GlobalSection(SolutionProperties) = preSolution
		HideSolutionNode = FALSE
	EndGlobalSection
	GlobalSection(ExtensibilityGlobals) = postSolution
		SolutionGuid = {197194BF-3AA8-44CB-9DAA-D6D33FCEAC56}
	EndGlobalSection
EndGlobal
